// !$*UTF8*$!
{
	archiveVersion = 1;
	classes = {
	};
	objectVersion = 55;
	objects = {

/* Begin PBXBuildFile section */
		F3151D2B27323ECC005E278D /* AppDelegate.swift in Sources */ = {isa = PBXBuildFile; fileRef = F3151D2A27323ECC005E278D /* AppDelegate.swift */; };
		F3151D2D27323ECC005E278D /* SceneDelegate.swift in Sources */ = {isa = PBXBuildFile; fileRef = F3151D2C27323ECC005E278D /* SceneDelegate.swift */; };
		F3151D3227323ECC005E278D /* Main.storyboard in Resources */ = {isa = PBXBuildFile; fileRef = F3151D3027323ECC005E278D /* Main.storyboard */; };
		F3151D3427323ED3005E278D /* Assets.xcassets in Resources */ = {isa = PBXBuildFile; fileRef = F3151D3327323ED3005E278D /* Assets.xcassets */; };
		F3151D3727323ED3005E278D /* LaunchScreen.storyboard in Resources */ = {isa = PBXBuildFile; fileRef = F3151D3527323ED3005E278D /* LaunchScreen.storyboard */; };
		F3151D4227323ED5005E278D /* StoryboardContactTests.swift in Sources */ = {isa = PBXBuildFile; fileRef = F3151D4127323ED5005E278D /* StoryboardContactTests.swift */; };
		F3151D4C27323ED5005E278D /* StoryboardContactUITests.swift in Sources */ = {isa = PBXBuildFile; fileRef = F3151D4B27323ED5005E278D /* StoryboardContactUITests.swift */; };
		F3151D4E27323ED5005E278D /* StoryboardContactUITestsLaunchTests.swift in Sources */ = {isa = PBXBuildFile; fileRef = F3151D4D27323ED5005E278D /* StoryboardContactUITestsLaunchTests.swift */; };
		F3151D6027323F9A005E278D /* HomeViewController.swift in Sources */ = {isa = PBXBuildFile; fileRef = F3151D5E27323F9A005E278D /* HomeViewController.swift */; };
		F3151D6127323F9A005E278D /* HomeViewController.xib in Resources */ = {isa = PBXBuildFile; fileRef = F3151D5F27323F9A005E278D /* HomeViewController.xib */; };
		F3151D64273258EA005E278D /* CreateViewController.swift in Sources */ = {isa = PBXBuildFile; fileRef = F3151D62273258EA005E278D /* CreateViewController.swift */; };
		F3151D65273258EA005E278D /* CreateViewController.xib in Resources */ = {isa = PBXBuildFile; fileRef = F3151D63273258EA005E278D /* CreateViewController.xib */; };
		F3151D6827325900005E278D /* EditViewController.swift in Sources */ = {isa = PBXBuildFile; fileRef = F3151D6627325900005E278D /* EditViewController.swift */; };
		F3151D6927325900005E278D /* EditViewController.xib in Resources */ = {isa = PBXBuildFile; fileRef = F3151D6727325900005E278D /* EditViewController.xib */; };
		F3151D6B27325A0D005E278D /* BaseViewController.swift in Sources */ = {isa = PBXBuildFile; fileRef = F3151D6A27325A0D005E278D /* BaseViewController.swift */; };
		F3151D6D27325B42005E278D /* Contact.swift in Sources */ = {isa = PBXBuildFile; fileRef = F3151D6C27325B42005E278D /* Contact.swift */; };
		F3151D7027325EA6005E278D /* ContactTableViewCell.swift in Sources */ = {isa = PBXBuildFile; fileRef = F3151D6E27325EA6005E278D /* ContactTableViewCell.swift */; };
		F3151D7127325EA6005E278D /* ContactTableViewCell.xib in Resources */ = {isa = PBXBuildFile; fileRef = F3151D6F27325EA6005E278D /* ContactTableViewCell.xib */; };
		F374C016274260DC00D73A45 /* HomeRouting.swift in Sources */ = {isa = PBXBuildFile; fileRef = F374C015274260DC00D73A45 /* HomeRouting.swift */; };
		F374C018274260EA00D73A45 /* HomePresenter.swift in Sources */ = {isa = PBXBuildFile; fileRef = F374C017274260EA00D73A45 /* HomePresenter.swift */; };
		F374C01A274260FC00D73A45 /* HomeInteractor.swift in Sources */ = {isa = PBXBuildFile; fileRef = F374C019274260FC00D73A45 /* HomeInteractor.swift */; };
		F374C01C2742611300D73A45 /* HttpManager.swift in Sources */ = {isa = PBXBuildFile; fileRef = F374C01B2742611300D73A45 /* HttpManager.swift */; };
		F374C01D2742731700D73A45 /* Pods_StoryboardContact.framework in Frameworks */ = {isa = PBXBuildFile; fileRef = A370BE2E171F60CFE9482C8C /* Pods_StoryboardContact.framework */; };
		F37939EC27427A9900EBD4C0 /* EditRouting.swift in Sources */ = {isa = PBXBuildFile; fileRef = F37939EB27427A9900EBD4C0 /* EditRouting.swift */; };
		F37939EE27427AA400EBD4C0 /* EditPresenter.swift in Sources */ = {isa = PBXBuildFile; fileRef = F37939ED27427AA400EBD4C0 /* EditPresenter.swift */; };
		F37939F027427AB100EBD4C0 /* EditInteractor.swift in Sources */ = {isa = PBXBuildFile; fileRef = F37939EF27427AB100EBD4C0 /* EditInteractor.swift */; };
		F37939F227427AC200EBD4C0 /* CreateRouting.swift in Sources */ = {isa = PBXBuildFile; fileRef = F37939F127427AC200EBD4C0 /* CreateRouting.swift */; };
		F37939F427427ACD00EBD4C0 /* CreatePresenter.swift in Sources */ = {isa = PBXBuildFile; fileRef = F37939F327427ACD00EBD4C0 /* CreatePresenter.swift */; };
		F37939F627427ADA00EBD4C0 /* CreateInteractor.swift in Sources */ = {isa = PBXBuildFile; fileRef = F37939F527427ADA00EBD4C0 /* CreateInteractor.swift */; };
		F3D2B2572732E62000A34952 /* Network.swift in Sources */ = {isa = PBXBuildFile; fileRef = F3D2B2562732E62000A34952 /* Network.swift */; };
/* End PBXBuildFile section */

/* Begin PBXContainerItemProxy section */
		F3151D3E27323ED5005E278D /* PBXContainerItemProxy */ = {
			isa = PBXContainerItemProxy;
			containerPortal = F3151D1F27323ECB005E278D /* Project object */;
			proxyType = 1;
			remoteGlobalIDString = F3151D2627323ECC005E278D;
			remoteInfo = StoryboardContact;
		};
		F3151D4827323ED5005E278D /* PBXContainerItemProxy */ = {
			isa = PBXContainerItemProxy;
			containerPortal = F3151D1F27323ECB005E278D /* Project object */;
			proxyType = 1;
			remoteGlobalIDString = F3151D2627323ECC005E278D;
			remoteInfo = StoryboardContact;
		};
/* End PBXContainerItemProxy section */

/* Begin PBXFileReference section */
		0C9883C1066564B9641E55AE /* Pods-StoryboardContact.release.xcconfig */ = {isa = PBXFileReference; includeInIndex = 1; lastKnownFileType = text.xcconfig; name = "Pods-StoryboardContact.release.xcconfig"; path = "Target Support Files/Pods-StoryboardContact/Pods-StoryboardContact.release.xcconfig"; sourceTree = "<group>"; };
		A370BE2E171F60CFE9482C8C /* Pods_StoryboardContact.framework */ = {isa = PBXFileReference; explicitFileType = wrapper.framework; includeInIndex = 0; path = Pods_StoryboardContact.framework; sourceTree = BUILT_PRODUCTS_DIR; };
		A46D324217B4BBAE725B97AC /* Pods-StoryboardContact.debug.xcconfig */ = {isa = PBXFileReference; includeInIndex = 1; lastKnownFileType = text.xcconfig; name = "Pods-StoryboardContact.debug.xcconfig"; path = "Target Support Files/Pods-StoryboardContact/Pods-StoryboardContact.debug.xcconfig"; sourceTree = "<group>"; };
		F3151D2727323ECC005E278D /* StoryboardContact.app */ = {isa = PBXFileReference; explicitFileType = wrapper.application; includeInIndex = 0; path = StoryboardContact.app; sourceTree = BUILT_PRODUCTS_DIR; };
		F3151D2A27323ECC005E278D /* AppDelegate.swift */ = {isa = PBXFileReference; lastKnownFileType = sourcecode.swift; path = AppDelegate.swift; sourceTree = "<group>"; };
		F3151D2C27323ECC005E278D /* SceneDelegate.swift */ = {isa = PBXFileReference; lastKnownFileType = sourcecode.swift; path = SceneDelegate.swift; sourceTree = "<group>"; };
		F3151D3127323ECC005E278D /* Base */ = {isa = PBXFileReference; lastKnownFileType = file.storyboard; name = Base; path = Base.lproj/Main.storyboard; sourceTree = "<group>"; };
		F3151D3327323ED3005E278D /* Assets.xcassets */ = {isa = PBXFileReference; lastKnownFileType = folder.assetcatalog; path = Assets.xcassets; sourceTree = "<group>"; };
		F3151D3627323ED3005E278D /* Base */ = {isa = PBXFileReference; lastKnownFileType = file.storyboard; name = Base; path = Base.lproj/LaunchScreen.storyboard; sourceTree = "<group>"; };
		F3151D3827323ED3005E278D /* Info.plist */ = {isa = PBXFileReference; lastKnownFileType = text.plist.xml; path = Info.plist; sourceTree = "<group>"; };
		F3151D3D27323ED5005E278D /* StoryboardContactTests.xctest */ = {isa = PBXFileReference; explicitFileType = wrapper.cfbundle; includeInIndex = 0; path = StoryboardContactTests.xctest; sourceTree = BUILT_PRODUCTS_DIR; };
		F3151D4127323ED5005E278D /* StoryboardContactTests.swift */ = {isa = PBXFileReference; lastKnownFileType = sourcecode.swift; path = StoryboardContactTests.swift; sourceTree = "<group>"; };
		F3151D4727323ED5005E278D /* StoryboardContactUITests.xctest */ = {isa = PBXFileReference; explicitFileType = wrapper.cfbundle; includeInIndex = 0; path = StoryboardContactUITests.xctest; sourceTree = BUILT_PRODUCTS_DIR; };
		F3151D4B27323ED5005E278D /* StoryboardContactUITests.swift */ = {isa = PBXFileReference; lastKnownFileType = sourcecode.swift; path = StoryboardContactUITests.swift; sourceTree = "<group>"; };
		F3151D4D27323ED5005E278D /* StoryboardContactUITestsLaunchTests.swift */ = {isa = PBXFileReference; lastKnownFileType = sourcecode.swift; path = StoryboardContactUITestsLaunchTests.swift; sourceTree = "<group>"; };
		F3151D5E27323F9A005E278D /* HomeViewController.swift */ = {isa = PBXFileReference; lastKnownFileType = sourcecode.swift; path = HomeViewController.swift; sourceTree = "<group>"; };
		F3151D5F27323F9A005E278D /* HomeViewController.xib */ = {isa = PBXFileReference; lastKnownFileType = file.xib; path = HomeViewController.xib; sourceTree = "<group>"; };
		F3151D62273258EA005E278D /* CreateViewController.swift */ = {isa = PBXFileReference; lastKnownFileType = sourcecode.swift; path = CreateViewController.swift; sourceTree = "<group>"; };
		F3151D63273258EA005E278D /* CreateViewController.xib */ = {isa = PBXFileReference; lastKnownFileType = file.xib; path = CreateViewController.xib; sourceTree = "<group>"; };
		F3151D6627325900005E278D /* EditViewController.swift */ = {isa = PBXFileReference; lastKnownFileType = sourcecode.swift; path = EditViewController.swift; sourceTree = "<group>"; };
		F3151D6727325900005E278D /* EditViewController.xib */ = {isa = PBXFileReference; lastKnownFileType = file.xib; path = EditViewController.xib; sourceTree = "<group>"; };
		F3151D6A27325A0D005E278D /* BaseViewController.swift */ = {isa = PBXFileReference; lastKnownFileType = sourcecode.swift; path = BaseViewController.swift; sourceTree = "<group>"; };
		F3151D6C27325B42005E278D /* Contact.swift */ = {isa = PBXFileReference; lastKnownFileType = sourcecode.swift; path = Contact.swift; sourceTree = "<group>"; };
		F3151D6E27325EA6005E278D /* ContactTableViewCell.swift */ = {isa = PBXFileReference; lastKnownFileType = sourcecode.swift; path = ContactTableViewCell.swift; sourceTree = "<group>"; };
		F3151D6F27325EA6005E278D /* ContactTableViewCell.xib */ = {isa = PBXFileReference; lastKnownFileType = file.xib; path = ContactTableViewCell.xib; sourceTree = "<group>"; };
		F374C015274260DC00D73A45 /* HomeRouting.swift */ = {isa = PBXFileReference; lastKnownFileType = sourcecode.swift; path = HomeRouting.swift; sourceTree = "<group>"; };
		F374C017274260EA00D73A45 /* HomePresenter.swift */ = {isa = PBXFileReference; lastKnownFileType = sourcecode.swift; path = HomePresenter.swift; sourceTree = "<group>"; };
		F374C019274260FC00D73A45 /* HomeInteractor.swift */ = {isa = PBXFileReference; lastKnownFileType = sourcecode.swift; path = HomeInteractor.swift; sourceTree = "<group>"; };
		F374C01B2742611300D73A45 /* HttpManager.swift */ = {isa = PBXFileReference; lastKnownFileType = sourcecode.swift; path = HttpManager.swift; sourceTree = "<group>"; };
		F37939EB27427A9900EBD4C0 /* EditRouting.swift */ = {isa = PBXFileReference; lastKnownFileType = sourcecode.swift; path = EditRouting.swift; sourceTree = "<group>"; };
		F37939ED27427AA400EBD4C0 /* EditPresenter.swift */ = {isa = PBXFileReference; lastKnownFileType = sourcecode.swift; path = EditPresenter.swift; sourceTree = "<group>"; };
		F37939EF27427AB100EBD4C0 /* EditInteractor.swift */ = {isa = PBXFileReference; lastKnownFileType = sourcecode.swift; path = EditInteractor.swift; sourceTree = "<group>"; };
		F37939F127427AC200EBD4C0 /* CreateRouting.swift */ = {isa = PBXFileReference; lastKnownFileType = sourcecode.swift; path = CreateRouting.swift; sourceTree = "<group>"; };
		F37939F327427ACD00EBD4C0 /* CreatePresenter.swift */ = {isa = PBXFileReference; lastKnownFileType = sourcecode.swift; path = CreatePresenter.swift; sourceTree = "<group>"; };
		F37939F527427ADA00EBD4C0 /* CreateInteractor.swift */ = {isa = PBXFileReference; lastKnownFileType = sourcecode.swift; path = CreateInteractor.swift; sourceTree = "<group>"; };
		F3D2B2562732E62000A34952 /* Network.swift */ = {isa = PBXFileReference; lastKnownFileType = sourcecode.swift; path = Network.swift; sourceTree = "<group>"; };
/* End PBXFileReference section */

/* Begin PBXFrameworksBuildPhase section */
		F3151D2427323ECC005E278D /* Frameworks */ = {
			isa = PBXFrameworksBuildPhase;
			buildActionMask = 2147483647;
			files = (
				F374C01D2742731700D73A45 /* Pods_StoryboardContact.framework in Frameworks */,
			);
			runOnlyForDeploymentPostprocessing = 0;
		};
		F3151D3A27323ED4005E278D /* Frameworks */ = {
			isa = PBXFrameworksBuildPhase;
			buildActionMask = 2147483647;
			files = (
			);
			runOnlyForDeploymentPostprocessing = 0;
		};
		F3151D4427323ED5005E278D /* Frameworks */ = {
			isa = PBXFrameworksBuildPhase;
			buildActionMask = 2147483647;
			files = (
			);
			runOnlyForDeploymentPostprocessing = 0;
		};
/* End PBXFrameworksBuildPhase section */

/* Begin PBXGroup section */
		1CDA8B6CFA84C0FCAC7B806C /* Pods */ = {
			isa = PBXGroup;
			children = (
				A46D324217B4BBAE725B97AC /* Pods-StoryboardContact.debug.xcconfig */,
				0C9883C1066564B9641E55AE /* Pods-StoryboardContact.release.xcconfig */,
			);
			path = Pods;
			sourceTree = "<group>";
		};
		6CA1E2EE08E90B3881345734 /* Frameworks */ = {
			isa = PBXGroup;
			children = (
				A370BE2E171F60CFE9482C8C /* Pods_StoryboardContact.framework */,
			);
			name = Frameworks;
			sourceTree = "<group>";
		};
		F3151D1E27323ECB005E278D = {
			isa = PBXGroup;
			children = (
				F3151D2927323ECC005E278D /* StoryboardContact */,
				F3151D4027323ED5005E278D /* StoryboardContactTests */,
				F3151D4A27323ED5005E278D /* StoryboardContactUITests */,
				F3151D2827323ECC005E278D /* Products */,
				1CDA8B6CFA84C0FCAC7B806C /* Pods */,
				6CA1E2EE08E90B3881345734 /* Frameworks */,
			);
			sourceTree = "<group>";
		};
		F3151D2827323ECC005E278D /* Products */ = {
			isa = PBXGroup;
			children = (
				F3151D2727323ECC005E278D /* StoryboardContact.app */,
				F3151D3D27323ED5005E278D /* StoryboardContactTests.xctest */,
				F3151D4727323ED5005E278D /* StoryboardContactUITests.xctest */,
			);
			name = Products;
			sourceTree = "<group>";
		};
		F3151D2927323ECC005E278D /* StoryboardContact */ = {
			isa = PBXGroup;
			children = (
				F35853D32732E5A700B9A13F /* network */,
				F3151D5B27323F33005E278D /* controllers */,
				F3151D5D27323F44005E278D /* cells */,
				F3151D5C27323F3D005E278D /* model */,
				F3151D5A27323EEF005E278D /* apputils */,
				F3151D2A27323ECC005E278D /* AppDelegate.swift */,
				F3151D2C27323ECC005E278D /* SceneDelegate.swift */,
				F3151D3827323ED3005E278D /* Info.plist */,
			);
			path = StoryboardContact;
			sourceTree = "<group>";
		};
		F3151D4027323ED5005E278D /* StoryboardContactTests */ = {
			isa = PBXGroup;
			children = (
				F3151D4127323ED5005E278D /* StoryboardContactTests.swift */,
			);
			path = StoryboardContactTests;
			sourceTree = "<group>";
		};
		F3151D4A27323ED5005E278D /* StoryboardContactUITests */ = {
			isa = PBXGroup;
			children = (
				F3151D4B27323ED5005E278D /* StoryboardContactUITests.swift */,
				F3151D4D27323ED5005E278D /* StoryboardContactUITestsLaunchTests.swift */,
			);
			path = StoryboardContactUITests;
			sourceTree = "<group>";
		};
		F3151D5A27323EEF005E278D /* apputils */ = {
			isa = PBXGroup;
			children = (
				F3151D3027323ECC005E278D /* Main.storyboard */,
				F3151D3327323ED3005E278D /* Assets.xcassets */,
				F3151D3527323ED3005E278D /* LaunchScreen.storyboard */,
			);
			path = apputils;
			sourceTree = "<group>";
		};
		F3151D5B27323F33005E278D /* controllers */ = {
			isa = PBXGroup;
			children = (
				F3151D6A27325A0D005E278D /* BaseViewController.swift */,
				F374C0122742603200D73A45 /* home */,
				F374C0132742603A00D73A45 /* edit */,
				F374C0142742604400D73A45 /* create */,
			);
			path = controllers;
			sourceTree = "<group>";
		};
		F3151D5C27323F3D005E278D /* model */ = {
			isa = PBXGroup;
			children = (
				F3151D6C27325B42005E278D /* Contact.swift */,
			);
			path = model;
			sourceTree = "<group>";
		};
		F3151D5D27323F44005E278D /* cells */ = {
			isa = PBXGroup;
			children = (
				F3151D6E27325EA6005E278D /* ContactTableViewCell.swift */,
				F3151D6F27325EA6005E278D /* ContactTableViewCell.xib */,
			);
			path = cells;
			sourceTree = "<group>";
		};
		F35853D32732E5A700B9A13F /* network */ = {
			isa = PBXGroup;
			children = (
				F3D2B2562732E62000A34952 /* Network.swift */,
				F374C01B2742611300D73A45 /* HttpManager.swift */,
			);
			path = network;
			sourceTree = "<group>";
		};
		F374C0122742603200D73A45 /* home */ = {
			isa = PBXGroup;
			children = (
				F3151D5E27323F9A005E278D /* HomeViewController.swift */,
				F3151D5F27323F9A005E278D /* HomeViewController.xib */,
				F374C015274260DC00D73A45 /* HomeRouting.swift */,
				F374C017274260EA00D73A45 /* HomePresenter.swift */,
				F374C019274260FC00D73A45 /* HomeInteractor.swift */,
			);
			path = home;
			sourceTree = "<group>";
		};
		F374C0132742603A00D73A45 /* edit */ = {
			isa = PBXGroup;
			children = (
				F3151D6627325900005E278D /* EditViewController.swift */,
				F3151D6727325900005E278D /* EditViewController.xib */,
				F37939EB27427A9900EBD4C0 /* EditRouting.swift */,
				F37939ED27427AA400EBD4C0 /* EditPresenter.swift */,
				F37939EF27427AB100EBD4C0 /* EditInteractor.swift */,
			);
			path = edit;
			sourceTree = "<group>";
		};
		F374C0142742604400D73A45 /* create */ = {
			isa = PBXGroup;
			children = (
				F3151D62273258EA005E278D /* CreateViewController.swift */,
				F3151D63273258EA005E278D /* CreateViewController.xib */,
				F37939F127427AC200EBD4C0 /* CreateRouting.swift */,
				F37939F327427ACD00EBD4C0 /* CreatePresenter.swift */,
				F37939F527427ADA00EBD4C0 /* CreateInteractor.swift */,
			);
			path = create;
			sourceTree = "<group>";
		};
/* End PBXGroup section */

/* Begin PBXNativeTarget section */
		F3151D2627323ECC005E278D /* StoryboardContact */ = {
			isa = PBXNativeTarget;
			buildConfigurationList = F3151D5127323ED5005E278D /* Build configuration list for PBXNativeTarget "StoryboardContact" */;
			buildPhases = (
				443BFF82CB11B958F99BF02F /* [CP] Check Pods Manifest.lock */,
				F3151D2327323ECC005E278D /* Sources */,
				F3151D2427323ECC005E278D /* Frameworks */,
				F3151D2527323ECC005E278D /* Resources */,
				1E6B156439E3925890FD15C5 /* [CP] Embed Pods Frameworks */,
			);
			buildRules = (
			);
			dependencies = (
			);
			name = StoryboardContact;
			productName = StoryboardContact;
			productReference = F3151D2727323ECC005E278D /* StoryboardContact.app */;
			productType = "com.apple.product-type.application";
		};
		F3151D3C27323ED4005E278D /* StoryboardContactTests */ = {
			isa = PBXNativeTarget;
			buildConfigurationList = F3151D5427323ED5005E278D /* Build configuration list for PBXNativeTarget "StoryboardContactTests" */;
			buildPhases = (
				F3151D3927323ED4005E278D /* Sources */,
				F3151D3A27323ED4005E278D /* Frameworks */,
				F3151D3B27323ED4005E278D /* Resources */,
			);
			buildRules = (
			);
			dependencies = (
				F3151D3F27323ED5005E278D /* PBXTargetDependency */,
			);
			name = StoryboardContactTests;
			productName = StoryboardContactTests;
			productReference = F3151D3D27323ED5005E278D /* StoryboardContactTests.xctest */;
			productType = "com.apple.product-type.bundle.unit-test";
		};
		F3151D4627323ED5005E278D /* StoryboardContactUITests */ = {
			isa = PBXNativeTarget;
			buildConfigurationList = F3151D5727323ED5005E278D /* Build configuration list for PBXNativeTarget "StoryboardContactUITests" */;
			buildPhases = (
				F3151D4327323ED5005E278D /* Sources */,
				F3151D4427323ED5005E278D /* Frameworks */,
				F3151D4527323ED5005E278D /* Resources */,
			);
			buildRules = (
			);
			dependencies = (
				F3151D4927323ED5005E278D /* PBXTargetDependency */,
			);
			name = StoryboardContactUITests;
			productName = StoryboardContactUITests;
			productReference = F3151D4727323ED5005E278D /* StoryboardContactUITests.xctest */;
			productType = "com.apple.product-type.bundle.ui-testing";
		};
/* End PBXNativeTarget section */

/* Begin PBXProject section */
		F3151D1F27323ECB005E278D /* Project object */ = {
			isa = PBXProject;
			attributes = {
				BuildIndependentTargetsInParallel = 1;
				LastSwiftUpdateCheck = 1310;
				LastUpgradeCheck = 1310;
				TargetAttributes = {
					F3151D2627323ECC005E278D = {
						CreatedOnToolsVersion = 13.1;
					};
					F3151D3C27323ED4005E278D = {
						CreatedOnToolsVersion = 13.1;
						TestTargetID = F3151D2627323ECC005E278D;
					};
					F3151D4627323ED5005E278D = {
						CreatedOnToolsVersion = 13.1;
						TestTargetID = F3151D2627323ECC005E278D;
					};
				};
			};
			buildConfigurationList = F3151D2227323ECB005E278D /* Build configuration list for PBXProject "StoryboardContact" */;
			compatibilityVersion = "Xcode 13.0";
			developmentRegion = en;
			hasScannedForEncodings = 0;
			knownRegions = (
				en,
				Base,
			);
			mainGroup = F3151D1E27323ECB005E278D;
			productRefGroup = F3151D2827323ECC005E278D /* Products */;
			projectDirPath = "";
			projectRoot = "";
			targets = (
				F3151D2627323ECC005E278D /* StoryboardContact */,
				F3151D3C27323ED4005E278D /* StoryboardContactTests */,
				F3151D4627323ED5005E278D /* StoryboardContactUITests */,
			);
		};
/* End PBXProject section */

/* Begin PBXResourcesBuildPhase section */
		F3151D2527323ECC005E278D /* Resources */ = {
			isa = PBXResourcesBuildPhase;
			buildActionMask = 2147483647;
			files = (
				F3151D6927325900005E278D /* EditViewController.xib in Resources */,
				F3151D3727323ED3005E278D /* LaunchScreen.storyboard in Resources */,
				F3151D7127325EA6005E278D /* ContactTableViewCell.xib in Resources */,
				F3151D65273258EA005E278D /* CreateViewController.xib in Resources */,
				F3151D3427323ED3005E278D /* Assets.xcassets in Resources */,
				F3151D3227323ECC005E278D /* Main.storyboard in Resources */,
				F3151D6127323F9A005E278D /* HomeViewController.xib in Resources */,
			);
			runOnlyForDeploymentPostprocessing = 0;
		};
		F3151D3B27323ED4005E278D /* Resources */ = {
			isa = PBXResourcesBuildPhase;
			buildActionMask = 2147483647;
			files = (
			);
			runOnlyForDeploymentPostprocessing = 0;
		};
		F3151D4527323ED5005E278D /* Resources */ = {
			isa = PBXResourcesBuildPhase;
			buildActionMask = 2147483647;
			files = (
			);
			runOnlyForDeploymentPostprocessing = 0;
		};
/* End PBXResourcesBuildPhase section */

/* Begin PBXShellScriptBuildPhase section */
		1E6B156439E3925890FD15C5 /* [CP] Embed Pods Frameworks */ = {
			isa = PBXShellScriptBuildPhase;
			buildActionMask = 2147483647;
			files = (
			);
			inputFileListPaths = (
				"${PODS_ROOT}/Target Support Files/Pods-StoryboardContact/Pods-StoryboardContact-frameworks-${CONFIGURATION}-input-files.xcfilelist",
			);
			name = "[CP] Embed Pods Frameworks";
			outputFileListPaths = (
				"${PODS_ROOT}/Target Support Files/Pods-StoryboardContact/Pods-StoryboardContact-frameworks-${CONFIGURATION}-output-files.xcfilelist",
			);
			runOnlyForDeploymentPostprocessing = 0;
			shellPath = /bin/sh;
			shellScript = "\"${PODS_ROOT}/Target Support Files/Pods-StoryboardContact/Pods-StoryboardContact-frameworks.sh\"\n";
			showEnvVarsInLog = 0;
		};
		443BFF82CB11B958F99BF02F /* [CP] Check Pods Manifest.lock */ = {
			isa = PBXShellScriptBuildPhase;
			buildActionMask = 2147483647;
			files = (
			);
			inputFileListPaths = (
			);
			inputPaths = (
				"${PODS_PODFILE_DIR_PATH}/Podfile.lock",
				"${PODS_ROOT}/Manifest.lock",
			);
			name = "[CP] Check Pods Manifest.lock";
			outputFileListPaths = (
			);
			outputPaths = (
				"$(DERIVED_FILE_DIR)/Pods-StoryboardContact-checkManifestLockResult.txt",
			);
			runOnlyForDeploymentPostprocessing = 0;
			shellPath = /bin/sh;
			shellScript = "diff \"${PODS_PODFILE_DIR_PATH}/Podfile.lock\" \"${PODS_ROOT}/Manifest.lock\" > /dev/null\nif [ $? != 0 ] ; then\n    # print error to STDERR\n    echo \"error: The sandbox is not in sync with the Podfile.lock. Run 'pod install' or update your CocoaPods installation.\" >&2\n    exit 1\nfi\n# This output is used by Xcode 'outputs' to avoid re-running this script phase.\necho \"SUCCESS\" > \"${SCRIPT_OUTPUT_FILE_0}\"\n";
			showEnvVarsInLog = 0;
		};
/* End PBXShellScriptBuildPhase section */

/* Begin PBXSourcesBuildPhase section */
		F3151D2327323ECC005E278D /* Sources */ = {
			isa = PBXSourcesBuildPhase;
			buildActionMask = 2147483647;
			files = (
				F37939F027427AB100EBD4C0 /* EditInteractor.swift in Sources */,
				F3151D6827325900005E278D /* EditViewController.swift in Sources */,
				F37939F427427ACD00EBD4C0 /* CreatePresenter.swift in Sources */,
				F3151D64273258EA005E278D /* CreateViewController.swift in Sources */,
				F37939EC27427A9900EBD4C0 /* EditRouting.swift in Sources */,
				F3151D2B27323ECC005E278D /* AppDelegate.swift in Sources */,
				F374C01A274260FC00D73A45 /* HomeInteractor.swift in Sources */,
				F37939EE27427AA400EBD4C0 /* EditPresenter.swift in Sources */,
				F37939F227427AC200EBD4C0 /* CreateRouting.swift in Sources */,
				F3151D2D27323ECC005E278D /* SceneDelegate.swift in Sources */,
				F37939F627427ADA00EBD4C0 /* CreateInteractor.swift in Sources */,
				F3151D7027325EA6005E278D /* ContactTableViewCell.swift in Sources */,
				F3D2B2572732E62000A34952 /* Network.swift in Sources */,
				F3151D6027323F9A005E278D /* HomeViewController.swift in Sources */,
				F374C016274260DC00D73A45 /* HomeRouting.swift in Sources */,
				F3151D6B27325A0D005E278D /* BaseViewController.swift in Sources */,
				F3151D6D27325B42005E278D /* Contact.swift in Sources */,
				F374C01C2742611300D73A45 /* HttpManager.swift in Sources */,
				F374C018274260EA00D73A45 /* HomePresenter.swift in Sources */,
			);
			runOnlyForDeploymentPostprocessing = 0;
		};
		F3151D3927323ED4005E278D /* Sources */ = {
			isa = PBXSourcesBuildPhase;
			buildActionMask = 2147483647;
			files = (
				F3151D4227323ED5005E278D /* StoryboardContactTests.swift in Sources */,
			);
			runOnlyForDeploymentPostprocessing = 0;
		};
		F3151D4327323ED5005E278D /* Sources */ = {
			isa = PBXSourcesBuildPhase;
			buildActionMask = 2147483647;
			files = (
				F3151D4E27323ED5005E278D /* StoryboardContactUITestsLaunchTests.swift in Sources */,
				F3151D4C27323ED5005E278D /* StoryboardContactUITests.swift in Sources */,
			);
			runOnlyForDeploymentPostprocessing = 0;
		};
/* End PBXSourcesBuildPhase section */

/* Begin PBXTargetDependency section */
		F3151D3F27323ED5005E278D /* PBXTargetDependency */ = {
			isa = PBXTargetDependency;
			target = F3151D2627323ECC005E278D /* StoryboardContact */;
			targetProxy = F3151D3E27323ED5005E278D /* PBXContainerItemProxy */;
		};
		F3151D4927323ED5005E278D /* PBXTargetDependency */ = {
			isa = PBXTargetDependency;
			target = F3151D2627323ECC005E278D /* StoryboardContact */;
			targetProxy = F3151D4827323ED5005E278D /* PBXContainerItemProxy */;
		};
/* End PBXTargetDependency section */

/* Begin PBXVariantGroup section */
		F3151D3027323ECC005E278D /* Main.storyboard */ = {
			isa = PBXVariantGroup;
			children = (
				F3151D3127323ECC005E278D /* Base */,
			);
			name = Main.storyboard;
			sourceTree = "<group>";
		};
		F3151D3527323ED3005E278D /* LaunchScreen.storyboard */ = {
			isa = PBXVariantGroup;
			children = (
				F3151D3627323ED3005E278D /* Base */,
			);
			name = LaunchScreen.storyboard;
			sourceTree = "<group>";
		};
/* End PBXVariantGroup section */

/* Begin XCBuildConfiguration section */
		F3151D4F27323ED5005E278D /* Debug */ = {
			isa = XCBuildConfiguration;
			buildSettings = {
				ALWAYS_SEARCH_USER_PATHS = NO;
				CLANG_ANALYZER_NONNULL = YES;
				CLANG_ANALYZER_NUMBER_OBJECT_CONVERSION = YES_AGGRESSIVE;
				CLANG_CXX_LANGUAGE_STANDARD = "gnu++17";
				CLANG_CXX_LIBRARY = "libc++";
				CLANG_ENABLE_MODULES = YES;
				CLANG_ENABLE_OBJC_ARC = YES;
				CLANG_ENABLE_OBJC_WEAK = YES;
				CLANG_WARN_BLOCK_CAPTURE_AUTORELEASING = YES;
				CLANG_WARN_BOOL_CONVERSION = YES;
				CLANG_WARN_COMMA = YES;
				CLANG_WARN_CONSTANT_CONVERSION = YES;
				CLANG_WARN_DEPRECATED_OBJC_IMPLEMENTATIONS = YES;
				CLANG_WARN_DIRECT_OBJC_ISA_USAGE = YES_ERROR;
				CLANG_WARN_DOCUMENTATION_COMMENTS = YES;
				CLANG_WARN_EMPTY_BODY = YES;
				CLANG_WARN_ENUM_CONVERSION = YES;
				CLANG_WARN_INFINITE_RECURSION = YES;
				CLANG_WARN_INT_CONVERSION = YES;
				CLANG_WARN_NON_LITERAL_NULL_CONVERSION = YES;
				CLANG_WARN_OBJC_IMPLICIT_RETAIN_SELF = YES;
				CLANG_WARN_OBJC_LITERAL_CONVERSION = YES;
				CLANG_WARN_OBJC_ROOT_CLASS = YES_ERROR;
				CLANG_WARN_QUOTED_INCLUDE_IN_FRAMEWORK_HEADER = YES;
				CLANG_WARN_RANGE_LOOP_ANALYSIS = YES;
				CLANG_WARN_STRICT_PROTOTYPES = YES;
				CLANG_WARN_SUSPICIOUS_MOVE = YES;
				CLANG_WARN_UNGUARDED_AVAILABILITY = YES_AGGRESSIVE;
				CLANG_WARN_UNREACHABLE_CODE = YES;
				CLANG_WARN__DUPLICATE_METHOD_MATCH = YES;
				COPY_PHASE_STRIP = NO;
				DEBUG_INFORMATION_FORMAT = dwarf;
				ENABLE_STRICT_OBJC_MSGSEND = YES;
				ENABLE_TESTABILITY = YES;
				GCC_C_LANGUAGE_STANDARD = gnu11;
				GCC_DYNAMIC_NO_PIC = NO;
				GCC_NO_COMMON_BLOCKS = YES;
				GCC_OPTIMIZATION_LEVEL = 0;
				GCC_PREPROCESSOR_DEFINITIONS = (
					"DEBUG=1",
					"$(inherited)",
				);
				GCC_WARN_64_TO_32_BIT_CONVERSION = YES;
				GCC_WARN_ABOUT_RETURN_TYPE = YES_ERROR;
				GCC_WARN_UNDECLARED_SELECTOR = YES;
				GCC_WARN_UNINITIALIZED_AUTOS = YES_AGGRESSIVE;
				GCC_WARN_UNUSED_FUNCTION = YES;
				GCC_WARN_UNUSED_VARIABLE = YES;
				IPHONEOS_DEPLOYMENT_TARGET = 15.0;
				MTL_ENABLE_DEBUG_INFO = INCLUDE_SOURCE;
				MTL_FAST_MATH = YES;
				ONLY_ACTIVE_ARCH = YES;
				SDKROOT = iphoneos;
				SWIFT_ACTIVE_COMPILATION_CONDITIONS = DEBUG;
				SWIFT_OPTIMIZATION_LEVEL = "-Onone";
			};
			name = Debug;
		};
		F3151D5027323ED5005E278D /* Release */ = {
			isa = XCBuildConfiguration;
			buildSettings = {
				ALWAYS_SEARCH_USER_PATHS = NO;
				CLANG_ANALYZER_NONNULL = YES;
				CLANG_ANALYZER_NUMBER_OBJECT_CONVERSION = YES_AGGRESSIVE;
				CLANG_CXX_LANGUAGE_STANDARD = "gnu++17";
				CLANG_CXX_LIBRARY = "libc++";
				CLANG_ENABLE_MODULES = YES;
				CLANG_ENABLE_OBJC_ARC = YES;
				CLANG_ENABLE_OBJC_WEAK = YES;
				CLANG_WARN_BLOCK_CAPTURE_AUTORELEASING = YES;
				CLANG_WARN_BOOL_CONVERSION = YES;
				CLANG_WARN_COMMA = YES;
				CLANG_WARN_CONSTANT_CONVERSION = YES;
				CLANG_WARN_DEPRECATED_OBJC_IMPLEMENTATIONS = YES;
				CLANG_WARN_DIRECT_OBJC_ISA_USAGE = YES_ERROR;
				CLANG_WARN_DOCUMENTATION_COMMENTS = YES;
				CLANG_WARN_EMPTY_BODY = YES;
				CLANG_WARN_ENUM_CONVERSION = YES;
				CLANG_WARN_INFINITE_RECURSION = YES;
				CLANG_WARN_INT_CONVERSION = YES;
				CLANG_WARN_NON_LITERAL_NULL_CONVERSION = YES;
				CLANG_WARN_OBJC_IMPLICIT_RETAIN_SELF = YES;
				CLANG_WARN_OBJC_LITERAL_CONVERSION = YES;
				CLANG_WARN_OBJC_ROOT_CLASS = YES_ERROR;
				CLANG_WARN_QUOTED_INCLUDE_IN_FRAMEWORK_HEADER = YES;
				CLANG_WARN_RANGE_LOOP_ANALYSIS = YES;
				CLANG_WARN_STRICT_PROTOTYPES = YES;
				CLANG_WARN_SUSPICIOUS_MOVE = YES;
				CLANG_WARN_UNGUARDED_AVAILABILITY = YES_AGGRESSIVE;
				CLANG_WARN_UNREACHABLE_CODE = YES;
				CLANG_WARN__DUPLICATE_METHOD_MATCH = YES;
				COPY_PHASE_STRIP = NO;
				DEBUG_INFORMATION_FORMAT = "dwarf-with-dsym";
				ENABLE_NS_ASSERTIONS = NO;
				ENABLE_STRICT_OBJC_MSGSEND = YES;
				GCC_C_LANGUAGE_STANDARD = gnu11;
				GCC_NO_COMMON_BLOCKS = YES;
				GCC_WARN_64_TO_32_BIT_CONVERSION = YES;
				GCC_WARN_ABOUT_RETURN_TYPE = YES_ERROR;
				GCC_WARN_UNDECLARED_SELECTOR = YES;
				GCC_WARN_UNINITIALIZED_AUTOS = YES_AGGRESSIVE;
				GCC_WARN_UNUSED_FUNCTION = YES;
				GCC_WARN_UNUSED_VARIABLE = YES;
				IPHONEOS_DEPLOYMENT_TARGET = 15.0;
				MTL_ENABLE_DEBUG_INFO = NO;
				MTL_FAST_MATH = YES;
				SDKROOT = iphoneos;
				SWIFT_COMPILATION_MODE = wholemodule;
				SWIFT_OPTIMIZATION_LEVEL = "-O";
				VALIDATE_PRODUCT = YES;
			};
			name = Release;
		};
		F3151D5227323ED5005E278D /* Debug */ = {
			isa = XCBuildConfiguration;
			baseConfigurationReference = A46D324217B4BBAE725B97AC /* Pods-StoryboardContact.debug.xcconfig */;
			buildSettings = {
				ASSETCATALOG_COMPILER_APPICON_NAME = AppIcon;
				ASSETCATALOG_COMPILER_GLOBAL_ACCENT_COLOR_NAME = AccentColor;
				CODE_SIGN_STYLE = Automatic;
				CURRENT_PROJECT_VERSION = 1;
				DEVELOPMENT_TEAM = RXC5B5KH7P;
				GENERATE_INFOPLIST_FILE = YES;
				INFOPLIST_FILE = StoryboardContact/Info.plist;
				INFOPLIST_KEY_UIApplicationSupportsIndirectInputEvents = YES;
				INFOPLIST_KEY_UILaunchStoryboardName = LaunchScreen;
				INFOPLIST_KEY_UIMainStoryboardFile = Main;
				INFOPLIST_KEY_UISupportedInterfaceOrientations_iPad = "UIInterfaceOrientationPortrait UIInterfaceOrientationPortraitUpsideDown UIInterfaceOrientationLandscapeLeft UIInterfaceOrientationLandscapeRight";
				INFOPLIST_KEY_UISupportedInterfaceOrientations_iPhone = "UIInterfaceOrientationPortrait UIInterfaceOrientationLandscapeLeft UIInterfaceOrientationLandscapeRight";
				LD_RUNPATH_SEARCH_PATHS = (
					"$(inherited)",
					"@executable_path/Frameworks",
				);
				MARKETING_VERSION = 1.0;
				PRODUCT_BUNDLE_IDENTIFIER = com.JuraevA.StoryboardContact;
				PRODUCT_NAME = "$(TARGET_NAME)";
				SWIFT_EMIT_LOC_STRINGS = YES;
				SWIFT_VERSION = 5.0;
				TARGETED_DEVICE_FAMILY = "1,2";
			};
			name = Debug;
		};
		F3151D5327323ED5005E278D /* Release */ = {
			isa = XCBuildConfiguration;
			baseConfigurationReference = 0C9883C1066564B9641E55AE /* Pods-StoryboardContact.release.xcconfig */;
			buildSettings = {
				ASSETCATALOG_COMPILER_APPICON_NAME = AppIcon;
				ASSETCATALOG_COMPILER_GLOBAL_ACCENT_COLOR_NAME = AccentColor;
				CODE_SIGN_STYLE = Automatic;
				CURRENT_PROJECT_VERSION = 1;
				DEVELOPMENT_TEAM = RXC5B5KH7P;
				GENERATE_INFOPLIST_FILE = YES;
				INFOPLIST_FILE = StoryboardContact/Info.plist;
				INFOPLIST_KEY_UIApplicationSupportsIndirectInputEvents = YES;
				INFOPLIST_KEY_UILaunchStoryboardName = LaunchScreen;
				INFOPLIST_KEY_UIMainStoryboardFile = Main;
				INFOPLIST_KEY_UISupportedInterfaceOrientations_iPad = "UIInterfaceOrientationPortrait UIInterfaceOrientationPortraitUpsideDown UIInterfaceOrientationLandscapeLeft UIInterfaceOrientationLandscapeRight";
				INFOPLIST_KEY_UISupportedInterfaceOrientations_iPhone = "UIInterfaceOrientationPortrait UIInterfaceOrientationLandscapeLeft UIInterfaceOrientationLandscapeRight";
				LD_RUNPATH_SEARCH_PATHS = (
					"$(inherited)",
					"@executable_path/Frameworks",
				);
				MARKETING_VERSION = 1.0;
				PRODUCT_BUNDLE_IDENTIFIER = com.JuraevA.StoryboardContact;
				PRODUCT_NAME = "$(TARGET_NAME)";
				SWIFT_EMIT_LOC_STRINGS = YES;
				SWIFT_VERSION = 5.0;
				TARGETED_DEVICE_FAMILY = "1,2";
			};
			name = Release;
		};
		F3151D5527323ED5005E278D /* Debug */ = {
			isa = XCBuildConfiguration;
			buildSettings = {
				ALWAYS_EMBED_SWIFT_STANDARD_LIBRARIES = YES;
				BUNDLE_LOADER = "$(TEST_HOST)";
				CODE_SIGN_STYLE = Automatic;
				CURRENT_PROJECT_VERSION = 1;
				DEVELOPMENT_TEAM = RXC5B5KH7P;
				GENERATE_INFOPLIST_FILE = YES;
				IPHONEOS_DEPLOYMENT_TARGET = 15.0;
				LD_RUNPATH_SEARCH_PATHS = (
					"$(inherited)",
					"@executable_path/Frameworks",
					"@loader_path/Frameworks",
				);
				MARKETING_VERSION = 1.0;
				PRODUCT_BUNDLE_IDENTIFIER = com.JuraevA.StoryboardContactTests;
				PRODUCT_NAME = "$(TARGET_NAME)";
				SWIFT_EMIT_LOC_STRINGS = NO;
				SWIFT_VERSION = 5.0;
				TARGETED_DEVICE_FAMILY = "1,2";
				TEST_HOST = "$(BUILT_PRODUCTS_DIR)/StoryboardContact.app/StoryboardContact";
			};
			name = Debug;
		};
		F3151D5627323ED5005E278D /* Release */ = {
			isa = XCBuildConfiguration;
			buildSettings = {
				ALWAYS_EMBED_SWIFT_STANDARD_LIBRARIES = YES;
				BUNDLE_LOADER = "$(TEST_HOST)";
				CODE_SIGN_STYLE = Automatic;
				CURRENT_PROJECT_VERSION = 1;
				DEVELOPMENT_TEAM = RXC5B5KH7P;
				GENERATE_INFOPLIST_FILE = YES;
				IPHONEOS_DEPLOYMENT_TARGET = 15.0;
				LD_RUNPATH_SEARCH_PATHS = (
					"$(inherited)",
					"@executable_path/Frameworks",
					"@loader_path/Frameworks",
				);
				MARKETING_VERSION = 1.0;
				PRODUCT_BUNDLE_IDENTIFIER = com.JuraevA.StoryboardContactTests;
				PRODUCT_NAME = "$(TARGET_NAME)";
				SWIFT_EMIT_LOC_STRINGS = NO;
				SWIFT_VERSION = 5.0;
				TARGETED_DEVICE_FAMILY = "1,2";
				TEST_HOST = "$(BUILT_PRODUCTS_DIR)/StoryboardContact.app/StoryboardContact";
			};
			name = Release;
		};
		F3151D5827323ED5005E278D /* Debug */ = {
			isa = XCBuildConfiguration;
			buildSettings = {
				ALWAYS_EMBED_SWIFT_STANDARD_LIBRARIES = YES;
				CODE_SIGN_STYLE = Automatic;
				CURRENT_PROJECT_VERSION = 1;
				DEVELOPMENT_TEAM = RXC5B5KH7P;
				GENERATE_INFOPLIST_FILE = YES;
				LD_RUNPATH_SEARCH_PATHS = (
					"$(inherited)",
					"@executable_path/Frameworks",
					"@loader_path/Frameworks",
				);
				MARKETING_VERSION = 1.0;
				PRODUCT_BUNDLE_IDENTIFIER = com.JuraevA.StoryboardContactUITests;
				PRODUCT_NAME = "$(TARGET_NAME)";
				SWIFT_EMIT_LOC_STRINGS = NO;
				SWIFT_VERSION = 5.0;
				TARGETED_DEVICE_FAMILY = "1,2";
				TEST_TARGET_NAME = StoryboardContact;
			};
			name = Debug;
		};
		F3151D5927323ED5005E278D /* Release */ = {
			isa = XCBuildConfiguration;
			buildSettings = {
				ALWAYS_EMBED_SWIFT_STANDARD_LIBRARIES = YES;
				CODE_SIGN_STYLE = Automatic;
				CURRENT_PROJECT_VERSION = 1;
				DEVELOPMENT_TEAM = RXC5B5KH7P;
				GENERATE_INFOPLIST_FILE = YES;
				LD_RUNPATH_SEARCH_PATHS = (
					"$(inherited)",
					"@executable_path/Frameworks",
					"@loader_path/Frameworks",
				);
				MARKETING_VERSION = 1.0;
				PRODUCT_BUNDLE_IDENTIFIER = com.JuraevA.StoryboardContactUITests;
				PRODUCT_NAME = "$(TARGET_NAME)";
				SWIFT_EMIT_LOC_STRINGS = NO;
				SWIFT_VERSION = 5.0;
				TARGETED_DEVICE_FAMILY = "1,2";
				TEST_TARGET_NAME = StoryboardContact;
			};
			name = Release;
		};
/* End XCBuildConfiguration section */

/* Begin XCConfigurationList section */
		F3151D2227323ECB005E278D /* Build configuration list for PBXProject "StoryboardContact" */ = {
			isa = XCConfigurationList;
			buildConfigurations = (
				F3151D4F27323ED5005E278D /* Debug */,
				F3151D5027323ED5005E278D /* Release */,
			);
			defaultConfigurationIsVisible = 0;
			defaultConfigurationName = Release;
		};
		F3151D5127323ED5005E278D /* Build configuration list for PBXNativeTarget "StoryboardContact" */ = {
			isa = XCConfigurationList;
			buildConfigurations = (
				F3151D5227323ED5005E278D /* Debug */,
				F3151D5327323ED5005E278D /* Release */,
			);
			defaultConfigurationIsVisible = 0;
			defaultConfigurationName = Release;
		};
		F3151D5427323ED5005E278D /* Build configuration list for PBXNativeTarget "StoryboardContactTests" */ = {
			isa = XCConfigurationList;
			buildConfigurations = (
				F3151D5527323ED5005E278D /* Debug */,
				F3151D5627323ED5005E278D /* Release */,
			);
			defaultConfigurationIsVisible = 0;
			defaultConfigurationName = Release;
		};
		F3151D5727323ED5005E278D /* Build configuration list for PBXNativeTarget "StoryboardContactUITests" */ = {
			isa = XCConfigurationList;
			buildConfigurations = (
				F3151D5827323ED5005E278D /* Debug */,
				F3151D5927323ED5005E278D /* Release */,
			);
			defaultConfigurationIsVisible = 0;
			defaultConfigurationName = Release;
		};
/* End XCConfigurationList section */
	};
	rootObject = F3151D1F27323ECB005E278D /* Project object */;
}
